version = 1
revision = 2
requires-python = ">=3.11"

[[package]]
name = "colorama"
version = "0.4.6"
source = { registry = "https://pypi.org/simple/" }
sdist = { url = "https://files.pythonhosted.org/packages/d8/53/6f443c9a4a8358a93a6792e2acffb9d9d5cb0a5cfd8802644b7b1c9a02e4/colorama-0.4.6.tar.gz", hash = "sha256:08695f5cb7ed6e0531a20572697297273c47b8cae5a63ffc6d6ed5c201be6e44", size = 27697, upload-time = "2022-10-25T02:36:22.414Z" }
wheels = [
    { url = "https://files.pythonhosted.org/packages/d1/d6/3965ed04c63042e047cb6a3e6ed1a63a35087b6a609aa3a15ed8ac56c221/colorama-0.4.6-py2.py3-none-any.whl", hash = "sha256:4f1d9991f5acc0ca119f9d443620b77f9d6b33703e51011c16baf57afb285fc6", size = 25335, upload-time = "2022-10-25T02:36:20.889Z" },
]

[[package]]
name = "crs-linter"
source = { editable = "." }
dependencies = [
    { name = "dulwich" },
    { name = "github-action-utils" },
    { name = "msc-pyparser" },
    { name = "semver" },
]

[package.dev-dependencies]
dev = [
    { name = "pytest" },
]

[package.metadata]
requires-dist = [
    { name = "dulwich", specifier = ">=0.23.0,<0.24.0" },
    { name = "github-action-utils", specifier = ">=1.1.0,<2.0.0" },
    { name = "msc-pyparser", specifier = ">=1.2.1" },
    { name = "semver", specifier = ">=3.0.2,<4.0.0" },
]

[package.metadata.requires-dev]
dev = [{ name = "pytest", specifier = ">=8.1.1,<9" }]

[[package]]
name = "dulwich"
version = "0.23.0"
source = { registry = "https://pypi.org/simple/" }
dependencies = [
    { name = "urllib3" },
]
sdist = { url = "https://files.pythonhosted.org/packages/4b/ac/ba58cf420640c7bc77ae8e1b31e174d83c9117750c63cf9ea3b5e202e5c4/dulwich-0.23.0.tar.gz", hash = "sha256:0aa6c2489dd5e978b27e9b75983b7331a66c999f0efc54ebe37cab808ed322ae", size = 575116, upload-time = "2025-06-21T17:56:47.494Z" }
wheels = [
    { url = "https://files.pythonhosted.org/packages/ae/11/f6bbba8583f69cf19ef4bd7f5fde1a6b5ccaf8b6951781cec8db247116f4/dulwich-0.23.0-cp311-cp311-macosx_11_0_arm64.whl", hash = "sha256:d68498fdda13ab00791b483daab3bcfe9f9721c037aa458695e6ad81640c57cc", size = 972658, upload-time = "2025-06-21T17:56:13.505Z" },
    { url = "https://files.pythonhosted.org/packages/2b/9d/2720e0ab58666378a33c752a61543f936cd6b06dfe5d84a2215ddc0914b0/dulwich-0.23.0-cp311-cp311-manylinux_2_28_aarch64.whl", hash = "sha256:cb7bb930b12471a1cfcea4b3d25a671dc0ad32573f0ad25684684298959a1527", size = 1049813, upload-time = "2025-06-21T17:56:14.884Z" },
    { url = "https://files.pythonhosted.org/packages/e5/f3/81d8075141dfcc0a0449c2093596e58d3e11444e3af54e819eca63b84dd0/dulwich-0.23.0-cp311-cp311-manylinux_2_28_x86_64.whl", hash = "sha256:a2abbce32fd2bc7902bcc5f69b10bf22576810de21651baaa864b78fd7aec261", size = 1051639, upload-time = "2025-06-21T17:56:16.437Z" },
    { url = "https://files.pythonhosted.org/packages/4f/0d/c06ccb227b096aef5906142fe78b5c79f9070a0ea6152fc219941186d540/dulwich-0.23.0-cp311-cp311-win32.whl", hash = "sha256:9e3151f10ce2a9ff91bca64c74345217f53bdd947dc958032343822009832f7a", size = 642918, upload-time = "2025-06-21T17:56:18.373Z" },
    { url = "https://files.pythonhosted.org/packages/d7/1c/1e99aa34c9aead9e641b2d9934f0a3d00257f75027cf5cdecc8a1a6c18ae/dulwich-0.23.0-cp311-cp311-win_amd64.whl", hash = "sha256:3ae9f1d9dc92d4e9a3f89ba2c55221f7b6442c5dd93b3f6f539a3c9eb3f37bdd", size = 659010, upload-time = "2025-06-21T17:56:19.947Z" },
    { url = "https://files.pythonhosted.org/packages/4a/d7/1e6fba0235babe912e8467b036062e37d11672cbbeb0d8074f9d4559057b/dulwich-0.23.0-cp312-cp312-macosx_11_0_arm64.whl", hash = "sha256:52cdef66a7994d29528ca79ca59452518bbba3fd56a9c61c61f6c467c1c7956e", size = 960292, upload-time = "2025-06-21T17:56:21.308Z" },
    { url = "https://files.pythonhosted.org/packages/4b/6a/23f0c487ec03f2752600cab4a8e0dedb38186246c475bf3fa90a8db830d5/dulwich-0.23.0-cp312-cp312-manylinux_2_28_aarch64.whl", hash = "sha256:d473888a6ab9ed5d4a4c3f053cbe5b77f72d54b6efdf5688fed76094316e571e", size = 1047892, upload-time = "2025-06-21T17:56:22.989Z" },
    { url = "https://files.pythonhosted.org/packages/c7/e2/8f3d216be5fd0ee1180d917b59b34b54b9896384cf139f319b5d3a8f16b4/dulwich-0.23.0-cp312-cp312-manylinux_2_28_x86_64.whl", hash = "sha256:19fcf20224c641a61c774da92f098fbaae9938c7e17a52841e64092adf7e78f9", size = 1048699, upload-time = "2025-06-21T17:56:24.602Z" },
    { url = "https://files.pythonhosted.org/packages/8f/c4/18e6223cd4ad1ae9334eb4e6aa5952fd8f5c3d75762918eb90c209fec4ba/dulwich-0.23.0-cp312-cp312-win32.whl", hash = "sha256:7fc8b76b704ef35cd001e993e3aa4e1d666a2064bf467c07c560f12b2959dcaf", size = 641268, upload-time = "2025-06-21T17:56:26.18Z" },
    { url = "https://files.pythonhosted.org/packages/b8/9c/65bfbbac62d8a2967e13f6a1512371c5eb6b906a61fb6dead992669cad0e/dulwich-0.23.0-cp312-cp312-win_amd64.whl", hash = "sha256:cb0566b888b578325350b4d67c61a0de35d417e9877560e3a6df88cae4576a59", size = 657837, upload-time = "2025-06-21T17:56:27.821Z" },
    { url = "https://files.pythonhosted.org/packages/5a/93/1d3ec4732912278db33124d476cc36dd5c577c1485b71f90ade5f7f8d6b1/dulwich-0.23.0-cp313-cp313-macosx_11_0_arm64.whl", hash = "sha256:624e2223c8b705b3a217f9c8d3bfed3a573093be0b0ba033c46cba8411fb9630", size = 960392, upload-time = "2025-06-21T17:56:29.392Z" },
    { url = "https://files.pythonhosted.org/packages/c2/83/b2416469b36313a0d4cddb7c8f1384fbecd0015237af29fb6d02f849f976/dulwich-0.23.0-cp313-cp313-manylinux_2_28_aarch64.whl", hash = "sha256:b4eaf326d15bb3fc5316c777b0312f0fe02f6f82a4368cd971d0ce2167b7ec34", size = 1047926, upload-time = "2025-06-21T17:56:31.161Z" },
    { url = "https://files.pythonhosted.org/packages/00/bf/077b797d073f59f76e8bc80e008a952256c2df2cd8bd2c2610bec84566c7/dulwich-0.23.0-cp313-cp313-manylinux_2_28_x86_64.whl", hash = "sha256:d754afaf7c133a015c75cc2be11703138b4be932e0eeeb2c70add56083f31109", size = 1048115, upload-time = "2025-06-21T17:56:32.736Z" },
    { url = "https://files.pythonhosted.org/packages/c3/6d/661386d723cf86003f5e1b4d2ba9d25cf11e06e206dcf2b62380a0f683cb/dulwich-0.23.0-cp313-cp313-win32.whl", hash = "sha256:ac53ec438bde3c1f479782c34240479b36cd47230d091979137b7ecc12c0242e", size = 641064, upload-time = "2025-06-21T17:56:34.431Z" },
    { url = "https://files.pythonhosted.org/packages/50/c5/bce91f3ecf302e553e4814ecf971956952fc15d427e234c6a80660ec5a77/dulwich-0.23.0-cp313-cp313-win_amd64.whl", hash = "sha256:50d3b4ba45671fb8b7d2afbd02c10b4edbc3290a1f92260e64098b409e9ca35c", size = 657422, upload-time = "2025-06-21T17:56:36.987Z" },
    { url = "https://files.pythonhosted.org/packages/35/31/49318ee9db4b402e6d8b9b01bd4cae9298f59e1bb9bd56cf4a94e48fa069/dulwich-0.23.0-py3-none-any.whl", hash = "sha256:d8da6694ca332bb48775e35ee2215aa4673821164a91b83062f699c69f7cd135", size = 313776, upload-time = "2025-06-21T17:56:46.221Z" },
]

[[package]]
name = "github-action-utils"
version = "1.1.0"
source = { registry = "https://pypi.org/simple/" }
sdist = { url = "https://files.pythonhosted.org/packages/41/81/b70e3be8686c2011ec03eddf5a695496c9935818b18cde6a5f9553127a4e/github-action-utils-1.1.0.tar.gz", hash = "sha256:8aa40d90b89d814004160bb7e90b42cc07b55f41f66e4a4a32766d26c9ca3d61", size = 8860, upload-time = "2022-10-17T14:28:57.931Z" }
wheels = [
    { url = "https://files.pythonhosted.org/packages/fd/c8/d2a1c4ac43c9194316b8802b08502712ef242e6f325435409688e760b03a/github_action_utils-1.1.0-py2.py3-none-any.whl", hash = "sha256:bc84bac22e8a25ebe86370b08ff2c174960e468e899ffd313cb09d19629acefb", size = 8893, upload-time = "2022-10-17T14:28:56.215Z" },
]

[[package]]
name = "iniconfig"
version = "2.1.0"
source = { registry = "https://pypi.org/simple/" }
sdist = { url = "https://files.pythonhosted.org/packages/f2/97/ebf4da567aa6827c909642694d71c9fcf53e5b504f2d96afea02718862f3/iniconfig-2.1.0.tar.gz", hash = "sha256:3abbd2e30b36733fee78f9c7f7308f2d0050e88f0087fd25c2645f63c773e1c7", size = 4793, upload-time = "2025-03-19T20:09:59.721Z" }
wheels = [
    { url = "https://files.pythonhosted.org/packages/2c/e1/e6716421ea10d38022b952c159d5161ca1193197fb744506875fbb87ea7b/iniconfig-2.1.0-py3-none-any.whl", hash = "sha256:9deba5723312380e77435581c6bf4935c94cbfab9b1ed33ef8d238ea168eb760", size = 6050, upload-time = "2025-03-19T20:10:01.071Z" },
]

[[package]]
name = "msc-pyparser"
version = "1.2.2"
source = { registry = "https://pypi.org/simple/" }
dependencies = [
    { name = "ply" },
]
sdist = { url = "https://files.pythonhosted.org/packages/98/39/4a50f2ff69609d2d79a28df2679fccb70e48c291e73b6e05d5aeddc36d49/msc_pyparser-1.2.2.tar.gz", hash = "sha256:412de2418a35e49ba748cd7007058e03e6c0db3a51cedb6bc23799d62fa367bc", size = 47123, upload-time = "2025-02-21T13:35:01.022Z" }
wheels = [
    { url = "https://files.pythonhosted.org/packages/8c/6a/ff72190ebc1cb0850fc7ecc2413da46dea3b8581357e0e2aa0a98e171925/msc_pyparser-1.2.2-py2.py3-none-any.whl", hash = "sha256:978196044690e4a68d7686416aabf774d6b7be5f58f8f0510c36932bde0722ea", size = 48510, upload-time = "2025-02-21T13:34:58.915Z" },
]

[[package]]
name = "packaging"
version = "25.0"
source = { registry = "https://pypi.org/simple/" }
sdist = { url = "https://files.pythonhosted.org/packages/a1/d4/1fc4078c65507b51b96ca8f8c3ba19e6a61c8253c72794544580a7b6c24d/packaging-25.0.tar.gz", hash = "sha256:d443872c98d677bf60f6a1f2f8c1cb748e8fe762d2bf9d3148b5599295b0fc4f", size = 165727, upload-time = "2025-04-19T11:48:59.673Z" }
wheels = [
    { url = "https://files.pythonhosted.org/packages/20/12/38679034af332785aac8774540895e234f4d07f7545804097de4b666afd8/packaging-25.0-py3-none-any.whl", hash = "sha256:29572ef2b1f17581046b3a2227d5c611fb25ec70ca1ba8554b24b0e69331a484", size = 66469, upload-time = "2025-04-19T11:48:57.875Z" },
]

[[package]]
name = "pluggy"
version = "1.5.0"
source = { registry = "https://pypi.org/simple/" }
sdist = { url = "https://files.pythonhosted.org/packages/96/2d/02d4312c973c6050a18b314a5ad0b3210edb65a906f868e31c111dede4a6/pluggy-1.5.0.tar.gz", hash = "sha256:2cffa88e94fdc978c4c574f15f9e59b7f4201d439195c3715ca9e2486f1d0cf1", size = 67955, upload-time = "2024-04-20T21:34:42.531Z" }
wheels = [
    { url = "https://files.pythonhosted.org/packages/88/5f/e351af9a41f866ac3f1fac4ca0613908d9a41741cfcf2228f4ad853b697d/pluggy-1.5.0-py3-none-any.whl", hash = "sha256:44e1ad92c8ca002de6377e165f3e0f1be63266ab4d554740532335b9d75ea669", size = 20556, upload-time = "2024-04-20T21:34:40.434Z" },
]

[[package]]
name = "ply"
version = "3.11"
source = { registry = "https://pypi.org/simple/" }
sdist = { url = "https://files.pythonhosted.org/packages/e5/69/882ee5c9d017149285cab114ebeab373308ef0f874fcdac9beb90e0ac4da/ply-3.11.tar.gz", hash = "sha256:00c7c1aaa88358b9c765b6d3000c6eec0ba42abca5351b095321aef446081da3", size = 159130, upload-time = "2018-02-15T19:01:31.097Z" }
wheels = [
    { url = "https://files.pythonhosted.org/packages/a3/58/35da89ee790598a0700ea49b2a66594140f44dec458c07e8e3d4979137fc/ply-3.11-py2.py3-none-any.whl", hash = "sha256:096f9b8350b65ebd2fd1346b12452efe5b9607f7482813ffca50c22722a807ce", size = 49567, upload-time = "2018-02-15T19:01:27.172Z" },
]

[[package]]
name = "pytest"
version = "8.3.5"
source = { registry = "https://pypi.org/simple/" }
dependencies = [
    { name = "colorama", marker = "sys_platform == 'win32'" },
    { name = "iniconfig" },
    { name = "packaging" },
    { name = "pluggy" },
]
sdist = { url = "https://files.pythonhosted.org/packages/ae/3c/c9d525a414d506893f0cd8a8d0de7706446213181570cdbd766691164e40/pytest-8.3.5.tar.gz", hash = "sha256:f4efe70cc14e511565ac476b57c279e12a855b11f48f212af1080ef2263d3845", size = 1450891, upload-time = "2025-03-02T12:54:54.503Z" }
wheels = [
    { url = "https://files.pythonhosted.org/packages/30/3d/64ad57c803f1fa1e963a7946b6e0fea4a70df53c1a7fed304586539c2bac/pytest-8.3.5-py3-none-any.whl", hash = "sha256:c69214aa47deac29fad6c2a4f590b9c4a9fdb16a403176fe154b79c0b4d4d820", size = 343634, upload-time = "2025-03-02T12:54:52.069Z" },
]

[[package]]
name = "semver"
version = "3.0.4"
source = { registry = "https://pypi.org/simple/" }
sdist = { url = "https://files.pythonhosted.org/packages/72/d1/d3159231aec234a59dd7d601e9dd9fe96f3afff15efd33c1070019b26132/semver-3.0.4.tar.gz", hash = "sha256:afc7d8c584a5ed0a11033af086e8af226a9c0b206f313e0301f8dd7b6b589602", size = 269730, upload-time = "2025-01-24T13:19:27.617Z" }
wheels = [
    { url = "https://files.pythonhosted.org/packages/a6/24/4d91e05817e92e3a61c8a21e08fd0f390f5301f1c448b137c57c4bc6e543/semver-3.0.4-py3-none-any.whl", hash = "sha256:9c824d87ba7f7ab4a1890799cec8596f15c1241cb473404ea1cb0c55e4b04746", size = 17912, upload-time = "2025-01-24T13:19:24.949Z" },
]

[[package]]
name = "urllib3"
version = "2.4.0"
source = { registry = "https://pypi.org/simple/" }
sdist = { url = "https://files.pythonhosted.org/packages/8a/78/16493d9c386d8e60e442a35feac5e00f0913c0f4b7c217c11e8ec2ff53e0/urllib3-2.4.0.tar.gz", hash = "sha256:414bc6535b787febd7567804cc015fee39daab8ad86268f1310a9250697de466", size = 390672, upload-time = "2025-04-10T15:23:39.232Z" }
wheels = [
    { url = "https://files.pythonhosted.org/packages/6b/11/cc635220681e93a0183390e26485430ca2c7b5f9d33b15c74c2861cb8091/urllib3-2.4.0-py3-none-any.whl", hash = "sha256:4e16665048960a0900c702d4a66415956a584919c03361cac9f1df5c5dd7e813", size = 128680, upload-time = "2025-04-10T15:23:37.377Z" },
]
